
Microsoft Visual Studio Solution File, Format Version 12.00
# Visual Studio Version 17
VisualStudioVersion = 17.4.33122.133
MinimumVisualStudioVersion = 10.0.40219.1
Project("{FAE04EC0-301F-11D3-BF4B-00C04F79EFBC}") = "Deliverable4", "Deliverable4\Deliverable4.csproj", "{D96CA556-3D00-4CAF-86FA-E4CA345D744A}"
EndProject
Global
	GlobalSection(SolutionConfigurationPlatforms) = preSolution
		Debug|Any CPU = Debug|Any CPU
		Release|Any CPU = Release|Any CPU
	EndGlobalSection
	GlobalSection(ProjectConfigurationPlatforms) = postSolution
		{D96CA556-3D00-4CAF-86FA-E4CA345D744A}.Debug|Any CPU.ActiveCfg = Debug|Any CPU
		{D96CA556-3D00-4CAF-86FA-E4CA345D744A}.Debug|Any CPU.Build.0 = Debug|Any CPU
		{D96CA556-3D00-4CAF-86FA-E4CA345D744A}.Release|Any CPU.ActiveCfg = Release|Any CPU
		{D96CA556-3D00-4CAF-86FA-E4CA345D744A}.Release|Any CPU.Build.0 = Release|Any CPU
	EndGlobalSection
	GlobalSection(SolutionProperties) = preSolution
		HideSolutionNode = FALSE
	EndGlobalSection
	GlobalSection(ExtensibilityGlobals) = postSolution
		SolutionGuid = {F4451BBB-1C73-4A1C-BD86-CFB1EB3063A5}
	EndGlobalSection
EndGlobal
